// !$*UTF8*$!
{
	archiveVersion = 1;
	classes = {
	};
	objectVersion = 51;
	objects = {

/* Begin PBXBuildFile section */
		192D8955FE747B1F6C6FC97C /* Pods_MyLibs.framework in Frameworks */ = {isa = PBXBuildFile; fileRef = EBB8839AFC1D54CE0A029357 /* Pods_MyLibs.framework */; };
		D5F3457226AFDEA5001677F2 /* AppDelegate.m in Sources */ = {isa = PBXBuildFile; fileRef = D5F3457126AFDEA4001677F2 /* AppDelegate.m */; };
		D5F3457826AFDEA5001677F2 /* ViewController.m in Sources */ = {isa = PBXBuildFile; fileRef = D5F3457726AFDEA5001677F2 /* ViewController.m */; };
		D5F3457B26AFDEA5001677F2 /* Main.storyboard in Resources */ = {isa = PBXBuildFile; fileRef = D5F3457926AFDEA5001677F2 /* Main.storyboard */; };
		D5F3457D26AFDEA8001677F2 /* Assets.xcassets in Resources */ = {isa = PBXBuildFile; fileRef = D5F3457C26AFDEA8001677F2 /* Assets.xcassets */; };
		D5F3458026AFDEA8001677F2 /* LaunchScreen.storyboard in Resources */ = {isa = PBXBuildFile; fileRef = D5F3457E26AFDEA8001677F2 /* LaunchScreen.storyboard */; };
		D5F3458326AFDEA8001677F2 /* main.m in Sources */ = {isa = PBXBuildFile; fileRef = D5F3458226AFDEA8001677F2 /* main.m */; };
		D5F3462426AFE936001677F2 /* ContentModel.m in Sources */ = {isa = PBXBuildFile; fileRef = D5F3462226AFE936001677F2 /* ContentModel.m */; };
		D5F3462A26AFF0A5001677F2 /* YYSafeDictViewController.m in Sources */ = {isa = PBXBuildFile; fileRef = D5F3462926AFF0A5001677F2 /* YYSafeDictViewController.m */; };
		D5F3476D26B01115001677F2 /* AFBarrierViewController.m in Sources */ = {isa = PBXBuildFile; fileRef = D5F3476C26B01115001677F2 /* AFBarrierViewController.m */; };
		D5F3478226B0327F001677F2 /* SynchronizedViewController.m in Sources */ = {isa = PBXBuildFile; fileRef = D5F3478126B0327F001677F2 /* SynchronizedViewController.m */; };
		D5F3478726B03A37001677F2 /* AppleThreadGuideViewController.m in Sources */ = {isa = PBXBuildFile; fileRef = D5F3478626B03A37001677F2 /* AppleThreadGuideViewController.m */; };
/* End PBXBuildFile section */

/* Begin PBXFileReference section */
		54241F1DB2B7EBBD1B081090 /* Pods-MyLibs.release.xcconfig */ = {isa = PBXFileReference; includeInIndex = 1; lastKnownFileType = text.xcconfig; name = "Pods-MyLibs.release.xcconfig"; path = "Target Support Files/Pods-MyLibs/Pods-MyLibs.release.xcconfig"; sourceTree = "<group>"; };
		988931CA939F7E116325EA2A /* Pods-MyLibs.debug.xcconfig */ = {isa = PBXFileReference; includeInIndex = 1; lastKnownFileType = text.xcconfig; name = "Pods-MyLibs.debug.xcconfig"; path = "Target Support Files/Pods-MyLibs/Pods-MyLibs.debug.xcconfig"; sourceTree = "<group>"; };
		D5F3456D26AFDEA4001677F2 /* MyLibs.app */ = {isa = PBXFileReference; explicitFileType = wrapper.application; includeInIndex = 0; path = MyLibs.app; sourceTree = BUILT_PRODUCTS_DIR; };
		D5F3457026AFDEA4001677F2 /* AppDelegate.h */ = {isa = PBXFileReference; lastKnownFileType = sourcecode.c.h; path = AppDelegate.h; sourceTree = "<group>"; };
		D5F3457126AFDEA4001677F2 /* AppDelegate.m */ = {isa = PBXFileReference; lastKnownFileType = sourcecode.c.objc; path = AppDelegate.m; sourceTree = "<group>"; };
		D5F3457626AFDEA5001677F2 /* ViewController.h */ = {isa = PBXFileReference; lastKnownFileType = sourcecode.c.h; path = ViewController.h; sourceTree = "<group>"; };
		D5F3457726AFDEA5001677F2 /* ViewController.m */ = {isa = PBXFileReference; lastKnownFileType = sourcecode.c.objc; path = ViewController.m; sourceTree = "<group>"; };
		D5F3457A26AFDEA5001677F2 /* Base */ = {isa = PBXFileReference; lastKnownFileType = file.storyboard; name = Base; path = Base.lproj/Main.storyboard; sourceTree = "<group>"; };
		D5F3457C26AFDEA8001677F2 /* Assets.xcassets */ = {isa = PBXFileReference; lastKnownFileType = folder.assetcatalog; path = Assets.xcassets; sourceTree = "<group>"; };
		D5F3457F26AFDEA8001677F2 /* Base */ = {isa = PBXFileReference; lastKnownFileType = file.storyboard; name = Base; path = Base.lproj/LaunchScreen.storyboard; sourceTree = "<group>"; };
		D5F3458126AFDEA8001677F2 /* Info.plist */ = {isa = PBXFileReference; lastKnownFileType = text.plist.xml; path = Info.plist; sourceTree = "<group>"; };
		D5F3458226AFDEA8001677F2 /* main.m */ = {isa = PBXFileReference; lastKnownFileType = sourcecode.c.objc; path = main.m; sourceTree = "<group>"; };
		D5F3462226AFE936001677F2 /* ContentModel.m */ = {isa = PBXFileReference; fileEncoding = 4; lastKnownFileType = sourcecode.c.objc; path = ContentModel.m; sourceTree = "<group>"; };
		D5F3462326AFE936001677F2 /* ContentModel.h */ = {isa = PBXFileReference; fileEncoding = 4; lastKnownFileType = sourcecode.c.h; path = ContentModel.h; sourceTree = "<group>"; };
		D5F3462526AFEBFB001677F2 /* PrefixHeader.pch */ = {isa = PBXFileReference; fileEncoding = 4; lastKnownFileType = sourcecode.c.h; path = PrefixHeader.pch; sourceTree = "<group>"; };
		D5F3462826AFF0A5001677F2 /* YYSafeDictViewController.h */ = {isa = PBXFileReference; lastKnownFileType = sourcecode.c.h; path = YYSafeDictViewController.h; sourceTree = "<group>"; };
		D5F3462926AFF0A5001677F2 /* YYSafeDictViewController.m */ = {isa = PBXFileReference; lastKnownFileType = sourcecode.c.objc; path = YYSafeDictViewController.m; sourceTree = "<group>"; };
		D5F3476B26B01115001677F2 /* AFBarrierViewController.h */ = {isa = PBXFileReference; lastKnownFileType = sourcecode.c.h; path = AFBarrierViewController.h; sourceTree = "<group>"; };
		D5F3476C26B01115001677F2 /* AFBarrierViewController.m */ = {isa = PBXFileReference; lastKnownFileType = sourcecode.c.objc; path = AFBarrierViewController.m; sourceTree = "<group>"; };
		D5F3478026B0327F001677F2 /* SynchronizedViewController.h */ = {isa = PBXFileReference; lastKnownFileType = sourcecode.c.h; path = SynchronizedViewController.h; sourceTree = "<group>"; };
		D5F3478126B0327F001677F2 /* SynchronizedViewController.m */ = {isa = PBXFileReference; lastKnownFileType = sourcecode.c.objc; path = SynchronizedViewController.m; sourceTree = "<group>"; };
		D5F3478526B03A37001677F2 /* AppleThreadGuideViewController.h */ = {isa = PBXFileReference; lastKnownFileType = sourcecode.c.h; path = AppleThreadGuideViewController.h; sourceTree = "<group>"; };
		D5F3478626B03A37001677F2 /* AppleThreadGuideViewController.m */ = {isa = PBXFileReference; lastKnownFileType = sourcecode.c.objc; path = AppleThreadGuideViewController.m; sourceTree = "<group>"; };
		EBB8839AFC1D54CE0A029357 /* Pods_MyLibs.framework */ = {isa = PBXFileReference; explicitFileType = wrapper.framework; includeInIndex = 0; path = Pods_MyLibs.framework; sourceTree = BUILT_PRODUCTS_DIR; };
/* End PBXFileReference section */

/* Begin PBXFrameworksBuildPhase section */
		D5F3456A26AFDEA4001677F2 /* Frameworks */ = {
			isa = PBXFrameworksBuildPhase;
			buildActionMask = 2147483647;
			files = (
				192D8955FE747B1F6C6FC97C /* Pods_MyLibs.framework in Frameworks */,
			);
			runOnlyForDeploymentPostprocessing = 0;
		};
/* End PBXFrameworksBuildPhase section */

/* Begin PBXGroup section */
		2361C4B09B9C68DD0BCD0A3A /* Frameworks */ = {
			isa = PBXGroup;
			children = (
				EBB8839AFC1D54CE0A029357 /* Pods_MyLibs.framework */,
			);
			name = Frameworks;
			sourceTree = "<group>";
		};
		D5F3456426AFDEA4001677F2 = {
			isa = PBXGroup;
			children = (
				D5F3456F26AFDEA4001677F2 /* MyLibs */,
				D5F3456E26AFDEA4001677F2 /* Products */,
				F45D9CFEE615319FEC61A3C5 /* Pods */,
				2361C4B09B9C68DD0BCD0A3A /* Frameworks */,
			);
			sourceTree = "<group>";
		};
		D5F3456E26AFDEA4001677F2 /* Products */ = {
			isa = PBXGroup;
			children = (
				D5F3456D26AFDEA4001677F2 /* MyLibs.app */,
			);
			name = Products;
			sourceTree = "<group>";
		};
		D5F3456F26AFDEA4001677F2 /* MyLibs */ = {
			isa = PBXGroup;
			children = (
				D5F3462726AFF080001677F2 /* 锁 */,
				D5F3462326AFE936001677F2 /* ContentModel.h */,
				D5F3462226AFE936001677F2 /* ContentModel.m */,
				D5F3457026AFDEA4001677F2 /* AppDelegate.h */,
				D5F3457126AFDEA4001677F2 /* AppDelegate.m */,
				D5F3457626AFDEA5001677F2 /* ViewController.h */,
				D5F3457726AFDEA5001677F2 /* ViewController.m */,
				D5F3478526B03A37001677F2 /* AppleThreadGuideViewController.h */,
				D5F3478626B03A37001677F2 /* AppleThreadGuideViewController.m */,
				D5F3457926AFDEA5001677F2 /* Main.storyboard */,
				D5F3457C26AFDEA8001677F2 /* Assets.xcassets */,
				D5F3457E26AFDEA8001677F2 /* LaunchScreen.storyboard */,
				D5F3458126AFDEA8001677F2 /* Info.plist */,
				D5F3458226AFDEA8001677F2 /* main.m */,
				D5F3462526AFEBFB001677F2 /* PrefixHeader.pch */,
			);
			path = MyLibs;
			sourceTree = "<group>";
		};
		D5F3462626AFF073001677F2 /* 信号量 */ = {
			isa = PBXGroup;
			children = (
				D5F3462826AFF0A5001677F2 /* YYSafeDictViewController.h */,
				D5F3462926AFF0A5001677F2 /* YYSafeDictViewController.m */,
			);
			path = "信号量";
			sourceTree = "<group>";
		};
		D5F3462726AFF080001677F2 /* 锁 */ = {
			isa = PBXGroup;
			children = (
				D5F3478426B033F4001677F2 /* Atomic */,
				D5F3478326B033E4001677F2 /* NSLock */,
				D5F3477F26B03252001677F2 /* synchronized */,
				D5F3477E26B03092001677F2 /* 串行队列 */,
				D5F3477726B01B39001677F2 /* pthread 读写锁 */,
				D5F3476A26B010E3001677F2 /* 栅栏 */,
				D5F3462626AFF073001677F2 /* 信号量 */,
			);
			path = "锁";
			sourceTree = "<group>";
		};
		D5F3476A26B010E3001677F2 /* 栅栏 */ = {
			isa = PBXGroup;
			children = (
				D5F3476B26B01115001677F2 /* AFBarrierViewController.h */,
				D5F3476C26B01115001677F2 /* AFBarrierViewController.m */,
			);
			path = "栅栏";
			sourceTree = "<group>";
		};
		D5F3477726B01B39001677F2 /* pthread 读写锁 */ = {
			isa = PBXGroup;
			children = (
			);
			path = "pthread 读写锁";
			sourceTree = "<group>";
		};
		D5F3477E26B03092001677F2 /* 串行队列 */ = {
			isa = PBXGroup;
			children = (
			);
			path = "串行队列";
			sourceTree = "<group>";
		};
		D5F3477F26B03252001677F2 /* synchronized */ = {
			isa = PBXGroup;
			children = (
				D5F3478026B0327F001677F2 /* SynchronizedViewController.h */,
				D5F3478126B0327F001677F2 /* SynchronizedViewController.m */,
			);
			path = synchronized;
			sourceTree = "<group>";
		};
		D5F3478326B033E4001677F2 /* NSLock */ = {
			isa = PBXGroup;
			children = (
			);
			path = NSLock;
			sourceTree = "<group>";
		};
		D5F3478426B033F4001677F2 /* Atomic */ = {
			isa = PBXGroup;
			children = (
			);
			path = Atomic;
			sourceTree = "<group>";
		};
		F45D9CFEE615319FEC61A3C5 /* Pods */ = {
			isa = PBXGroup;
			children = (
				988931CA939F7E116325EA2A /* Pods-MyLibs.debug.xcconfig */,
				54241F1DB2B7EBBD1B081090 /* Pods-MyLibs.release.xcconfig */,
			);
			path = Pods;
			sourceTree = "<group>";
		};
/* End PBXGroup section */

/* Begin PBXNativeTarget section */
		D5F3456C26AFDEA4001677F2 /* MyLibs */ = {
			isa = PBXNativeTarget;
			buildConfigurationList = D5F3458626AFDEA8001677F2 /* Build configuration list for PBXNativeTarget "MyLibs" */;
			buildPhases = (
				B6B5CE928FD2C8C7D099E1C1 /* [CP] Check Pods Manifest.lock */,
				D5F3456926AFDEA4001677F2 /* Sources */,
				D5F3456A26AFDEA4001677F2 /* Frameworks */,
				D5F3456B26AFDEA4001677F2 /* Resources */,
				C2720F8DBABBD2A54B72DFF6 /* [CP] Embed Pods Frameworks */,
			);
			buildRules = (
			);
			dependencies = (
			);
			name = MyLibs;
			productName = MyLibs;
			productReference = D5F3456D26AFDEA4001677F2 /* MyLibs.app */;
			productType = "com.apple.product-type.application";
		};
/* End PBXNativeTarget section */

/* Begin PBXProject section */
		D5F3456526AFDEA4001677F2 /* Project object */ = {
			isa = PBXProject;
			attributes = {
				LastUpgradeCheck = 1250;
				TargetAttributes = {
					D5F3456C26AFDEA4001677F2 = {
						CreatedOnToolsVersion = 12.5.1;
					};
				};
			};
			buildConfigurationList = D5F3456826AFDEA4001677F2 /* Build configuration list for PBXProject "MyLibs" */;
			compatibilityVersion = "Xcode 9.3";
			developmentRegion = en;
			hasScannedForEncodings = 0;
			knownRegions = (
				en,
				Base,
			);
			mainGroup = D5F3456426AFDEA4001677F2;
			productRefGroup = D5F3456E26AFDEA4001677F2 /* Products */;
			projectDirPath = "";
			projectRoot = "";
			targets = (
				D5F3456C26AFDEA4001677F2 /* MyLibs */,
			);
		};
/* End PBXProject section */

/* Begin PBXResourcesBuildPhase section */
		D5F3456B26AFDEA4001677F2 /* Resources */ = {
			isa = PBXResourcesBuildPhase;
			buildActionMask = 2147483647;
			files = (
				D5F3458026AFDEA8001677F2 /* LaunchScreen.storyboard in Resources */,
				D5F3457D26AFDEA8001677F2 /* Assets.xcassets in Resources */,
				D5F3457B26AFDEA5001677F2 /* Main.storyboard in Resources */,
			);
			runOnlyForDeploymentPostprocessing = 0;
		};
/* End PBXResourcesBuildPhase section */

/* Begin PBXShellScriptBuildPhase section */
		B6B5CE928FD2C8C7D099E1C1 /* [CP] Check Pods Manifest.lock */ = {
			isa = PBXShellScriptBuildPhase;
			buildActionMask = 2147483647;
			files = (
			);
			inputFileListPaths = (
			);
			inputPaths = (
				"${PODS_PODFILE_DIR_PATH}/Podfile.lock",
				"${PODS_ROOT}/Manifest.lock",
			);
			name = "[CP] Check Pods Manifest.lock";
			outputFileListPaths = (
			);
			outputPaths = (
				"$(DERIVED_FILE_DIR)/Pods-MyLibs-checkManifestLockResult.txt",
			);
			runOnlyForDeploymentPostprocessing = 0;
			shellPath = /bin/sh;
			shellScript = "diff \"${PODS_PODFILE_DIR_PATH}/Podfile.lock\" \"${PODS_ROOT}/Manifest.lock\" > /dev/null\nif [ $? != 0 ] ; then\n    # print error to STDERR\n    echo \"error: The sandbox is not in sync with the Podfile.lock. Run 'pod install' or update your CocoaPods installation.\" >&2\n    exit 1\nfi\n# This output is used by Xcode 'outputs' to avoid re-running this script phase.\necho \"SUCCESS\" > \"${SCRIPT_OUTPUT_FILE_0}\"\n";
			showEnvVarsInLog = 0;
		};
		C2720F8DBABBD2A54B72DFF6 /* [CP] Embed Pods Frameworks */ = {
			isa = PBXShellScriptBuildPhase;
			buildActionMask = 2147483647;
			files = (
			);
			inputFileListPaths = (
				"${PODS_ROOT}/Target Support Files/Pods-MyLibs/Pods-MyLibs-frameworks-${CONFIGURATION}-input-files.xcfilelist",
			);
			name = "[CP] Embed Pods Frameworks";
			outputFileListPaths = (
				"${PODS_ROOT}/Target Support Files/Pods-MyLibs/Pods-MyLibs-frameworks-${CONFIGURATION}-output-files.xcfilelist",
			);
			runOnlyForDeploymentPostprocessing = 0;
			shellPath = /bin/sh;
			shellScript = "\"${PODS_ROOT}/Target Support Files/Pods-MyLibs/Pods-MyLibs-frameworks.sh\"\n";
			showEnvVarsInLog = 0;
		};
/* End PBXShellScriptBuildPhase section */

/* Begin PBXSourcesBuildPhase section */
		D5F3456926AFDEA4001677F2 /* Sources */ = {
			isa = PBXSourcesBuildPhase;
			buildActionMask = 2147483647;
			files = (
				D5F3478226B0327F001677F2 /* SynchronizedViewController.m in Sources */,
				D5F3457826AFDEA5001677F2 /* ViewController.m in Sources */,
				D5F3462426AFE936001677F2 /* ContentModel.m in Sources */,
				D5F3457226AFDEA5001677F2 /* AppDelegate.m in Sources */,
				D5F3478726B03A37001677F2 /* AppleThreadGuideViewController.m in Sources */,
				D5F3476D26B01115001677F2 /* AFBarrierViewController.m in Sources */,
				D5F3458326AFDEA8001677F2 /* main.m in Sources */,
				D5F3462A26AFF0A5001677F2 /* YYSafeDictViewController.m in Sources */,
			);
			runOnlyForDeploymentPostprocessing = 0;
		};
/* End PBXSourcesBuildPhase section */

/* Begin PBXVariantGroup section */
		D5F3457926AFDEA5001677F2 /* Main.storyboard */ = {
			isa = PBXVariantGroup;
			children = (
				D5F3457A26AFDEA5001677F2 /* Base */,
			);
			name = Main.storyboard;
			sourceTree = "<group>";
		};
		D5F3457E26AFDEA8001677F2 /* LaunchScreen.storyboard */ = {
			isa = PBXVariantGroup;
			children = (
				D5F3457F26AFDEA8001677F2 /* Base */,
			);
			name = LaunchScreen.storyboard;
			sourceTree = "<group>";
		};
/* End PBXVariantGroup section */

/* Begin XCBuildConfiguration section */
		D5F3458426AFDEA8001677F2 /* Debug */ = {
			isa = XCBuildConfiguration;
			buildSettings = {
				ALWAYS_SEARCH_USER_PATHS = NO;
				CLANG_ANALYZER_NONNULL = YES;
				CLANG_ANALYZER_NUMBER_OBJECT_CONVERSION = YES_AGGRESSIVE;
				CLANG_CXX_LANGUAGE_STANDARD = "gnu++14";
				CLANG_CXX_LIBRARY = "libc++";
				CLANG_ENABLE_MODULES = YES;
				CLANG_ENABLE_OBJC_ARC = YES;
				CLANG_ENABLE_OBJC_WEAK = YES;
				CLANG_WARN_BLOCK_CAPTURE_AUTORELEASING = YES;
				CLANG_WARN_BOOL_CONVERSION = YES;
				CLANG_WARN_COMMA = YES;
				CLANG_WARN_CONSTANT_CONVERSION = YES;
				CLANG_WARN_DEPRECATED_OBJC_IMPLEMENTATIONS = YES;
				CLANG_WARN_DIRECT_OBJC_ISA_USAGE = YES_ERROR;
				CLANG_WARN_DOCUMENTATION_COMMENTS = YES;
				CLANG_WARN_EMPTY_BODY = YES;
				CLANG_WARN_ENUM_CONVERSION = YES;
				CLANG_WARN_INFINITE_RECURSION = YES;
				CLANG_WARN_INT_CONVERSION = YES;
				CLANG_WARN_NON_LITERAL_NULL_CONVERSION = YES;
				CLANG_WARN_OBJC_IMPLICIT_RETAIN_SELF = YES;
				CLANG_WARN_OBJC_LITERAL_CONVERSION = YES;
				CLANG_WARN_OBJC_ROOT_CLASS = YES_ERROR;
				CLANG_WARN_QUOTED_INCLUDE_IN_FRAMEWORK_HEADER = YES;
				CLANG_WARN_RANGE_LOOP_ANALYSIS = YES;
				CLANG_WARN_STRICT_PROTOTYPES = YES;
				CLANG_WARN_SUSPICIOUS_MOVE = YES;
				CLANG_WARN_UNGUARDED_AVAILABILITY = YES_AGGRESSIVE;
				CLANG_WARN_UNREACHABLE_CODE = YES;
				CLANG_WARN__DUPLICATE_METHOD_MATCH = YES;
				COPY_PHASE_STRIP = NO;
				DEBUG_INFORMATION_FORMAT = dwarf;
				ENABLE_STRICT_OBJC_MSGSEND = YES;
				ENABLE_TESTABILITY = YES;
				GCC_C_LANGUAGE_STANDARD = gnu11;
				GCC_DYNAMIC_NO_PIC = NO;
				GCC_NO_COMMON_BLOCKS = YES;
				GCC_OPTIMIZATION_LEVEL = 0;
				GCC_PREPROCESSOR_DEFINITIONS = (
					"DEBUG=1",
					"$(inherited)",
				);
				GCC_WARN_64_TO_32_BIT_CONVERSION = YES;
				GCC_WARN_ABOUT_RETURN_TYPE = YES_ERROR;
				GCC_WARN_UNDECLARED_SELECTOR = YES;
				GCC_WARN_UNINITIALIZED_AUTOS = YES_AGGRESSIVE;
				GCC_WARN_UNUSED_FUNCTION = YES;
				GCC_WARN_UNUSED_VARIABLE = YES;
				IPHONEOS_DEPLOYMENT_TARGET = 14.5;
				MTL_ENABLE_DEBUG_INFO = INCLUDE_SOURCE;
				MTL_FAST_MATH = YES;
				ONLY_ACTIVE_ARCH = YES;
				SDKROOT = iphoneos;
			};
			name = Debug;
		};
		D5F3458526AFDEA8001677F2 /* Release */ = {
			isa = XCBuildConfiguration;
			buildSettings = {
				ALWAYS_SEARCH_USER_PATHS = NO;
				CLANG_ANALYZER_NONNULL = YES;
				CLANG_ANALYZER_NUMBER_OBJECT_CONVERSION = YES_AGGRESSIVE;
				CLANG_CXX_LANGUAGE_STANDARD = "gnu++14";
				CLANG_CXX_LIBRARY = "libc++";
				CLANG_ENABLE_MODULES = YES;
				CLANG_ENABLE_OBJC_ARC = YES;
				CLANG_ENABLE_OBJC_WEAK = YES;
				CLANG_WARN_BLOCK_CAPTURE_AUTORELEASING = YES;
				CLANG_WARN_BOOL_CONVERSION = YES;
				CLANG_WARN_COMMA = YES;
				CLANG_WARN_CONSTANT_CONVERSION = YES;
				CLANG_WARN_DEPRECATED_OBJC_IMPLEMENTATIONS = YES;
				CLANG_WARN_DIRECT_OBJC_ISA_USAGE = YES_ERROR;
				CLANG_WARN_DOCUMENTATION_COMMENTS = YES;
				CLANG_WARN_EMPTY_BODY = YES;
				CLANG_WARN_ENUM_CONVERSION = YES;
				CLANG_WARN_INFINITE_RECURSION = YES;
				CLANG_WARN_INT_CONVERSION = YES;
				CLANG_WARN_NON_LITERAL_NULL_CONVERSION = YES;
				CLANG_WARN_OBJC_IMPLICIT_RETAIN_SELF = YES;
				CLANG_WARN_OBJC_LITERAL_CONVERSION = YES;
				CLANG_WARN_OBJC_ROOT_CLASS = YES_ERROR;
				CLANG_WARN_QUOTED_INCLUDE_IN_FRAMEWORK_HEADER = YES;
				CLANG_WARN_RANGE_LOOP_ANALYSIS = YES;
				CLANG_WARN_STRICT_PROTOTYPES = YES;
				CLANG_WARN_SUSPICIOUS_MOVE = YES;
				CLANG_WARN_UNGUARDED_AVAILABILITY = YES_AGGRESSIVE;
				CLANG_WARN_UNREACHABLE_CODE = YES;
				CLANG_WARN__DUPLICATE_METHOD_MATCH = YES;
				COPY_PHASE_STRIP = NO;
				DEBUG_INFORMATION_FORMAT = "dwarf-with-dsym";
				ENABLE_NS_ASSERTIONS = NO;
				ENABLE_STRICT_OBJC_MSGSEND = YES;
				GCC_C_LANGUAGE_STANDARD = gnu11;
				GCC_NO_COMMON_BLOCKS = YES;
				GCC_WARN_64_TO_32_BIT_CONVERSION = YES;
				GCC_WARN_ABOUT_RETURN_TYPE = YES_ERROR;
				GCC_WARN_UNDECLARED_SELECTOR = YES;
				GCC_WARN_UNINITIALIZED_AUTOS = YES_AGGRESSIVE;
				GCC_WARN_UNUSED_FUNCTION = YES;
				GCC_WARN_UNUSED_VARIABLE = YES;
				IPHONEOS_DEPLOYMENT_TARGET = 14.5;
				MTL_ENABLE_DEBUG_INFO = NO;
				MTL_FAST_MATH = YES;
				SDKROOT = iphoneos;
				VALIDATE_PRODUCT = YES;
			};
			name = Release;
		};
		D5F3458726AFDEA8001677F2 /* Debug */ = {
			isa = XCBuildConfiguration;
			baseConfigurationReference = 988931CA939F7E116325EA2A /* Pods-MyLibs.debug.xcconfig */;
			buildSettings = {
				ASSETCATALOG_COMPILER_APPICON_NAME = AppIcon;
				ASSETCATALOG_COMPILER_GLOBAL_ACCENT_COLOR_NAME = AccentColor;
				CODE_SIGN_STYLE = Automatic;
				GCC_PREFIX_HEADER = "$(SRCROOT)/MyLibs/PrefixHeader.pch";
				INFOPLIST_FILE = MyLibs/Info.plist;
				LD_RUNPATH_SEARCH_PATHS = (
					"$(inherited)",
					"@executable_path/Frameworks",
				);
				PRODUCT_BUNDLE_IDENTIFIER = Wangpu.MyLibs;
				PRODUCT_NAME = "$(TARGET_NAME)";
				TARGETED_DEVICE_FAMILY = "1,2";
			};
			name = Debug;
		};
		D5F3458826AFDEA8001677F2 /* Release */ = {
			isa = XCBuildConfiguration;
			baseConfigurationReference = 54241F1DB2B7EBBD1B081090 /* Pods-MyLibs.release.xcconfig */;
			buildSettings = {
				ASSETCATALOG_COMPILER_APPICON_NAME = AppIcon;
				ASSETCATALOG_COMPILER_GLOBAL_ACCENT_COLOR_NAME = AccentColor;
				CODE_SIGN_STYLE = Automatic;
				GCC_PREFIX_HEADER = "$(SRCROOT)/MyLibs/PrefixHeader.pch";
				INFOPLIST_FILE = MyLibs/Info.plist;
				LD_RUNPATH_SEARCH_PATHS = (
					"$(inherited)",
					"@executable_path/Frameworks",
				);
				PRODUCT_BUNDLE_IDENTIFIER = Wangpu.MyLibs;
				PRODUCT_NAME = "$(TARGET_NAME)";
				TARGETED_DEVICE_FAMILY = "1,2";
			};
			name = Release;
		};
/* End XCBuildConfiguration section */

/* Begin XCConfigurationList section */
		D5F3456826AFDEA4001677F2 /* Build configuration list for PBXProject "MyLibs" */ = {
			isa = XCConfigurationList;
			buildConfigurations = (
				D5F3458426AFDEA8001677F2 /* Debug */,
				D5F3458526AFDEA8001677F2 /* Release */,
			);
			defaultConfigurationIsVisible = 0;
			defaultConfigurationName = Release;
		};
		D5F3458626AFDEA8001677F2 /* Build configuration list for PBXNativeTarget "MyLibs" */ = {
			isa = XCConfigurationList;
			buildConfigurations = (
				D5F3458726AFDEA8001677F2 /* Debug */,
				D5F3458826AFDEA8001677F2 /* Release */,
			);
			defaultConfigurationIsVisible = 0;
			defaultConfigurationName = Release;
		};
/* End XCConfigurationList section */
	};
	rootObject = D5F3456526AFDEA4001677F2 /* Project object */;
}
